
Microsoft Visual Studio Solution File, Format Version 12.00
# Visual Studio Version 17
VisualStudioVersion = 17.11.34909.67
MinimumVisualStudioVersion = 10.0.40219.1
Project("{FAE04EC0-301F-11D3-BF4B-00C04F79EFBC}") = "JobCandidate.API", "JobCandidate.API\JobCandidate.API.csproj", "{A552198F-6822-4F4B-AE50-0DED788CE978}"
EndProject
Global
	GlobalSection(SolutionConfigurationPlatforms) = preSolution
		Debug|Any CPU = Debug|Any CPU
		Release|Any CPU = Release|Any CPU
	EndGlobalSection
	GlobalSection(ProjectConfigurationPlatforms) = postSolution
		{A552198F-6822-4F4B-AE50-0DED788CE978}.Debug|Any CPU.ActiveCfg = Debug|Any CPU
		{A552198F-6822-4F4B-AE50-0DED788CE978}.Debug|Any CPU.Build.0 = Debug|Any CPU
		{A552198F-6822-4F4B-AE50-0DED788CE978}.Release|Any CPU.ActiveCfg = Release|Any CPU
		{A552198F-6822-4F4B-AE50-0DED788CE978}.Release|Any CPU.Build.0 = Release|Any CPU
	EndGlobalSection
	GlobalSection(SolutionProperties) = preSolution
		HideSolutionNode = FALSE
	EndGlobalSection
	GlobalSection(ExtensibilityGlobals) = postSolution
		SolutionGuid = {D151D399-D2BF-47AF-A829-55D81C11D8F5}
	EndGlobalSection
EndGlobal
